// !$*UTF8*$!
{
	archiveVersion = 1;
	classes = {
	};
	objectVersion = 46;
	objects = {

/* Begin PBXBuildFile section */
		AFBD523019ACE5BE001E6290 /* MWDetailViewController.m in Sources */ = {isa = PBXBuildFile; fileRef = AFBD522E19ACE5BE001E6290 /* MWDetailViewController.m */; };
		AFBD523119ACE5BE001E6290 /* MWDetailViewController.xib in Resources */ = {isa = PBXBuildFile; fileRef = AFBD522F19ACE5BE001E6290 /* MWDetailViewController.xib */; };
		AFF99F2019A9F7940065EAA0 /* Foundation.framework in Frameworks */ = {isa = PBXBuildFile; fileRef = AFF99F1F19A9F7940065EAA0 /* Foundation.framework */; };
		AFF99F2219A9F7940065EAA0 /* CoreGraphics.framework in Frameworks */ = {isa = PBXBuildFile; fileRef = AFF99F2119A9F7940065EAA0 /* CoreGraphics.framework */; };
		AFF99F2419A9F7940065EAA0 /* UIKit.framework in Frameworks */ = {isa = PBXBuildFile; fileRef = AFF99F2319A9F7940065EAA0 /* UIKit.framework */; };
		AFF99F2A19A9F7940065EAA0 /* InfoPlist.strings in Resources */ = {isa = PBXBuildFile; fileRef = AFF99F2819A9F7940065EAA0 /* InfoPlist.strings */; };
		AFF99F2C19A9F7940065EAA0 /* main.m in Sources */ = {isa = PBXBuildFile; fileRef = AFF99F2B19A9F7940065EAA0 /* main.m */; };
		AFF99F3019A9F7940065EAA0 /* MWAppDelegate.m in Sources */ = {isa = PBXBuildFile; fileRef = AFF99F2F19A9F7940065EAA0 /* MWAppDelegate.m */; };
		AFF99F3219A9F7940065EAA0 /* Images.xcassets in Resources */ = {isa = PBXBuildFile; fileRef = AFF99F3119A9F7940065EAA0 /* Images.xcassets */; };
		AFF99F3919A9F7940065EAA0 /* XCTest.framework in Frameworks */ = {isa = PBXBuildFile; fileRef = AFF99F3819A9F7940065EAA0 /* XCTest.framework */; };
		AFF99F3A19A9F7940065EAA0 /* Foundation.framework in Frameworks */ = {isa = PBXBuildFile; fileRef = AFF99F1F19A9F7940065EAA0 /* Foundation.framework */; };
		AFF99F3B19A9F7940065EAA0 /* UIKit.framework in Frameworks */ = {isa = PBXBuildFile; fileRef = AFF99F2319A9F7940065EAA0 /* UIKit.framework */; };
		AFF99F4319A9F7940065EAA0 /* InfoPlist.strings in Resources */ = {isa = PBXBuildFile; fileRef = AFF99F4119A9F7940065EAA0 /* InfoPlist.strings */; };
		AFF99F4519A9F7940065EAA0 /* HomeownerTests.m in Sources */ = {isa = PBXBuildFile; fileRef = AFF99F4419A9F7940065EAA0 /* HomeownerTests.m */; };
		AFF99F5019A9F9450065EAA0 /* MWItemsViewController.m in Sources */ = {isa = PBXBuildFile; fileRef = AFF99F4F19A9F9450065EAA0 /* MWItemsViewController.m */; };
		AFF99F5319A9FB2F0065EAA0 /* MWItem.m in Sources */ = {isa = PBXBuildFile; fileRef = AFF99F5219A9FB2F0065EAA0 /* MWItem.m */; };
		AFF99F5619A9FCA60065EAA0 /* MWItemStore.m in Sources */ = {isa = PBXBuildFile; fileRef = AFF99F5519A9FCA60065EAA0 /* MWItemStore.m */; };
/* End PBXBuildFile section */

/* Begin PBXContainerItemProxy section */
		AFF99F3C19A9F7940065EAA0 /* PBXContainerItemProxy */ = {
			isa = PBXContainerItemProxy;
			containerPortal = AFF99F1419A9F7930065EAA0 /* Project object */;
			proxyType = 1;
			remoteGlobalIDString = AFF99F1B19A9F7930065EAA0;
			remoteInfo = Homeowner;
		};
/* End PBXContainerItemProxy section */

/* Begin PBXFileReference section */
		AFBD522D19ACE5BE001E6290 /* MWDetailViewController.h */ = {isa = PBXFileReference; fileEncoding = 4; lastKnownFileType = sourcecode.c.h; path = MWDetailViewController.h; sourceTree = "<group>"; };
		AFBD522E19ACE5BE001E6290 /* MWDetailViewController.m */ = {isa = PBXFileReference; fileEncoding = 4; lastKnownFileType = sourcecode.c.objc; path = MWDetailViewController.m; sourceTree = "<group>"; };
		AFBD522F19ACE5BE001E6290 /* MWDetailViewController.xib */ = {isa = PBXFileReference; fileEncoding = 4; lastKnownFileType = file.xib; path = MWDetailViewController.xib; sourceTree = "<group>"; };
		AFF99F1C19A9F7940065EAA0 /* Homeowner.app */ = {isa = PBXFileReference; explicitFileType = wrapper.application; includeInIndex = 0; path = Homeowner.app; sourceTree = BUILT_PRODUCTS_DIR; };
		AFF99F1F19A9F7940065EAA0 /* Foundation.framework */ = {isa = PBXFileReference; lastKnownFileType = wrapper.framework; name = Foundation.framework; path = System/Library/Frameworks/Foundation.framework; sourceTree = SDKROOT; };
		AFF99F2119A9F7940065EAA0 /* CoreGraphics.framework */ = {isa = PBXFileReference; lastKnownFileType = wrapper.framework; name = CoreGraphics.framework; path = System/Library/Frameworks/CoreGraphics.framework; sourceTree = SDKROOT; };
		AFF99F2319A9F7940065EAA0 /* UIKit.framework */ = {isa = PBXFileReference; lastKnownFileType = wrapper.framework; name = UIKit.framework; path = System/Library/Frameworks/UIKit.framework; sourceTree = SDKROOT; };
		AFF99F2719A9F7940065EAA0 /* Homeowner-Info.plist */ = {isa = PBXFileReference; lastKnownFileType = text.plist.xml; path = "Homeowner-Info.plist"; sourceTree = "<group>"; };
		AFF99F2919A9F7940065EAA0 /* en */ = {isa = PBXFileReference; lastKnownFileType = text.plist.strings; name = en; path = en.lproj/InfoPlist.strings; sourceTree = "<group>"; };
		AFF99F2B19A9F7940065EAA0 /* main.m */ = {isa = PBXFileReference; lastKnownFileType = sourcecode.c.objc; path = main.m; sourceTree = "<group>"; };
		AFF99F2D19A9F7940065EAA0 /* Homeowner-Prefix.pch */ = {isa = PBXFileReference; lastKnownFileType = sourcecode.c.h; path = "Homeowner-Prefix.pch"; sourceTree = "<group>"; };
		AFF99F2E19A9F7940065EAA0 /* MWAppDelegate.h */ = {isa = PBXFileReference; lastKnownFileType = sourcecode.c.h; path = MWAppDelegate.h; sourceTree = "<group>"; };
		AFF99F2F19A9F7940065EAA0 /* MWAppDelegate.m */ = {isa = PBXFileReference; lastKnownFileType = sourcecode.c.objc; path = MWAppDelegate.m; sourceTree = "<group>"; };
		AFF99F3119A9F7940065EAA0 /* Images.xcassets */ = {isa = PBXFileReference; lastKnownFileType = folder.assetcatalog; path = Images.xcassets; sourceTree = "<group>"; };
		AFF99F3719A9F7940065EAA0 /* HomeownerTests.xctest */ = {isa = PBXFileReference; explicitFileType = wrapper.cfbundle; includeInIndex = 0; path = HomeownerTests.xctest; sourceTree = BUILT_PRODUCTS_DIR; };
		AFF99F3819A9F7940065EAA0 /* XCTest.framework */ = {isa = PBXFileReference; lastKnownFileType = wrapper.framework; name = XCTest.framework; path = Library/Frameworks/XCTest.framework; sourceTree = DEVELOPER_DIR; };
		AFF99F4019A9F7940065EAA0 /* HomeownerTests-Info.plist */ = {isa = PBXFileReference; lastKnownFileType = text.plist.xml; path = "HomeownerTests-Info.plist"; sourceTree = "<group>"; };
		AFF99F4219A9F7940065EAA0 /* en */ = {isa = PBXFileReference; lastKnownFileType = text.plist.strings; name = en; path = en.lproj/InfoPlist.strings; sourceTree = "<group>"; };
		AFF99F4419A9F7940065EAA0 /* HomeownerTests.m */ = {isa = PBXFileReference; lastKnownFileType = sourcecode.c.objc; path = HomeownerTests.m; sourceTree = "<group>"; };
		AFF99F4E19A9F9450065EAA0 /* MWItemsViewController.h */ = {isa = PBXFileReference; fileEncoding = 4; lastKnownFileType = sourcecode.c.h; path = MWItemsViewController.h; sourceTree = "<group>"; };
		AFF99F4F19A9F9450065EAA0 /* MWItemsViewController.m */ = {isa = PBXFileReference; fileEncoding = 4; lastKnownFileType = sourcecode.c.objc; path = MWItemsViewController.m; sourceTree = "<group>"; };
		AFF99F5119A9FB2F0065EAA0 /* MWItem.h */ = {isa = PBXFileReference; fileEncoding = 4; lastKnownFileType = sourcecode.c.h; path = MWItem.h; sourceTree = "<group>"; };
		AFF99F5219A9FB2F0065EAA0 /* MWItem.m */ = {isa = PBXFileReference; fileEncoding = 4; lastKnownFileType = sourcecode.c.objc; path = MWItem.m; sourceTree = "<group>"; };
		AFF99F5419A9FCA60065EAA0 /* MWItemStore.h */ = {isa = PBXFileReference; fileEncoding = 4; lastKnownFileType = sourcecode.c.h; path = MWItemStore.h; sourceTree = "<group>"; };
		AFF99F5519A9FCA60065EAA0 /* MWItemStore.m */ = {isa = PBXFileReference; fileEncoding = 4; lastKnownFileType = sourcecode.c.objc; path = MWItemStore.m; sourceTree = "<group>"; };
/* End PBXFileReference section */

/* Begin PBXFrameworksBuildPhase section */
		AFF99F1919A9F7930065EAA0 /* Frameworks */ = {
			isa = PBXFrameworksBuildPhase;
			buildActionMask = 2147483647;
			files = (
				AFF99F2219A9F7940065EAA0 /* CoreGraphics.framework in Frameworks */,
				AFF99F2419A9F7940065EAA0 /* UIKit.framework in Frameworks */,
				AFF99F2019A9F7940065EAA0 /* Foundation.framework in Frameworks */,
			);
			runOnlyForDeploymentPostprocessing = 0;
		};
		AFF99F3419A9F7940065EAA0 /* Frameworks */ = {
			isa = PBXFrameworksBuildPhase;
			buildActionMask = 2147483647;
			files = (
				AFF99F3919A9F7940065EAA0 /* XCTest.framework in Frameworks */,
				AFF99F3B19A9F7940065EAA0 /* UIKit.framework in Frameworks */,
				AFF99F3A19A9F7940065EAA0 /* Foundation.framework in Frameworks */,
			);
			runOnlyForDeploymentPostprocessing = 0;
		};
/* End PBXFrameworksBuildPhase section */

/* Begin PBXGroup section */
		AFF99F1319A9F7930065EAA0 = {
			isa = PBXGroup;
			children = (
				AFF99F2519A9F7940065EAA0 /* Homeowner */,
				AFF99F3E19A9F7940065EAA0 /* HomeownerTests */,
				AFF99F1E19A9F7940065EAA0 /* Frameworks */,
				AFF99F1D19A9F7940065EAA0 /* Products */,
			);
			sourceTree = "<group>";
		};
		AFF99F1D19A9F7940065EAA0 /* Products */ = {
			isa = PBXGroup;
			children = (
				AFF99F1C19A9F7940065EAA0 /* Homeowner.app */,
				AFF99F3719A9F7940065EAA0 /* HomeownerTests.xctest */,
			);
			name = Products;
			sourceTree = "<group>";
		};
		AFF99F1E19A9F7940065EAA0 /* Frameworks */ = {
			isa = PBXGroup;
			children = (
				AFF99F1F19A9F7940065EAA0 /* Foundation.framework */,
				AFF99F2119A9F7940065EAA0 /* CoreGraphics.framework */,
				AFF99F2319A9F7940065EAA0 /* UIKit.framework */,
				AFF99F3819A9F7940065EAA0 /* XCTest.framework */,
			);
			name = Frameworks;
			sourceTree = "<group>";
		};
		AFF99F2519A9F7940065EAA0 /* Homeowner */ = {
			isa = PBXGroup;
			children = (
				AFF99F2E19A9F7940065EAA0 /* MWAppDelegate.h */,
				AFBD522D19ACE5BE001E6290 /* MWDetailViewController.h */,
				AFF99F5119A9FB2F0065EAA0 /* MWItem.h */,
				AFF99F5419A9FCA60065EAA0 /* MWItemStore.h */,
				AFF99F4E19A9F9450065EAA0 /* MWItemsViewController.h */,
				AFF99F2F19A9F7940065EAA0 /* MWAppDelegate.m */,
				AFBD522E19ACE5BE001E6290 /* MWDetailViewController.m */,
				AFF99F5219A9FB2F0065EAA0 /* MWItem.m */,
				AFF99F5519A9FCA60065EAA0 /* MWItemStore.m */,
				AFF99F4F19A9F9450065EAA0 /* MWItemsViewController.m */,
				AFF99F3119A9F7940065EAA0 /* Images.xcassets */,
				AFBD522F19ACE5BE001E6290 /* MWDetailViewController.xib */,
				AFF99F2619A9F7940065EAA0 /* Supporting Files */,
			);
			path = Homeowner;
			sourceTree = "<group>";
		};
		AFF99F2619A9F7940065EAA0 /* Supporting Files */ = {
			isa = PBXGroup;
			children = (
				AFF99F2719A9F7940065EAA0 /* Homeowner-Info.plist */,
				AFF99F2819A9F7940065EAA0 /* InfoPlist.strings */,
				AFF99F2B19A9F7940065EAA0 /* main.m */,
				AFF99F2D19A9F7940065EAA0 /* Homeowner-Prefix.pch */,
			);
			name = "Supporting Files";
			sourceTree = "<group>";
		};
		AFF99F3E19A9F7940065EAA0 /* HomeownerTests */ = {
			isa = PBXGroup;
			children = (
				AFF99F4419A9F7940065EAA0 /* HomeownerTests.m */,
				AFF99F3F19A9F7940065EAA0 /* Supporting Files */,
			);
			path = HomeownerTests;
			sourceTree = "<group>";
		};
		AFF99F3F19A9F7940065EAA0 /* Supporting Files */ = {
			isa = PBXGroup;
			children = (
				AFF99F4019A9F7940065EAA0 /* HomeownerTests-Info.plist */,
				AFF99F4119A9F7940065EAA0 /* InfoPlist.strings */,
			);
			name = "Supporting Files";
			sourceTree = "<group>";
		};
/* End PBXGroup section */

/* Begin PBXNativeTarget section */
		AFF99F1B19A9F7930065EAA0 /* Homeowner */ = {
			isa = PBXNativeTarget;
			buildConfigurationList = AFF99F4819A9F7940065EAA0 /* Build configuration list for PBXNativeTarget "Homeowner" */;
			buildPhases = (
				AFF99F1819A9F7930065EAA0 /* Sources */,
				AFF99F1919A9F7930065EAA0 /* Frameworks */,
				AFF99F1A19A9F7930065EAA0 /* Resources */,
			);
			buildRules = (
			);
			dependencies = (
			);
			name = Homeowner;
			productName = Homeowner;
			productReference = AFF99F1C19A9F7940065EAA0 /* Homeowner.app */;
			productType = "com.apple.product-type.application";
		};
		AFF99F3619A9F7940065EAA0 /* HomeownerTests */ = {
			isa = PBXNativeTarget;
			buildConfigurationList = AFF99F4B19A9F7940065EAA0 /* Build configuration list for PBXNativeTarget "HomeownerTests" */;
			buildPhases = (
				AFF99F3319A9F7940065EAA0 /* Sources */,
				AFF99F3419A9F7940065EAA0 /* Frameworks */,
				AFF99F3519A9F7940065EAA0 /* Resources */,
			);
			buildRules = (
			);
			dependencies = (
				AFF99F3D19A9F7940065EAA0 /* PBXTargetDependency */,
			);
			name = HomeownerTests;
			productName = HomeownerTests;
			productReference = AFF99F3719A9F7940065EAA0 /* HomeownerTests.xctest */;
			productType = "com.apple.product-type.bundle.unit-test";
		};
/* End PBXNativeTarget section */

/* Begin PBXProject section */
		AFF99F1419A9F7930065EAA0 /* Project object */ = {
			isa = PBXProject;
			attributes = {
				CLASSPREFIX = MW;
				LastUpgradeCheck = 0510;
				ORGANIZATIONNAME = "Mathew Wong";
				TargetAttributes = {
					AFF99F3619A9F7940065EAA0 = {
						TestTargetID = AFF99F1B19A9F7930065EAA0;
					};
				};
			};
			buildConfigurationList = AFF99F1719A9F7930065EAA0 /* Build configuration list for PBXProject "Homeowner" */;
			compatibilityVersion = "Xcode 3.2";
			developmentRegion = English;
			hasScannedForEncodings = 0;
			knownRegions = (
				en,
			);
			mainGroup = AFF99F1319A9F7930065EAA0;
			productRefGroup = AFF99F1D19A9F7940065EAA0 /* Products */;
			projectDirPath = "";
			projectRoot = "";
			targets = (
				AFF99F1B19A9F7930065EAA0 /* Homeowner */,
				AFF99F3619A9F7940065EAA0 /* HomeownerTests */,
			);
		};
/* End PBXProject section */

/* Begin PBXResourcesBuildPhase section */
		AFF99F1A19A9F7930065EAA0 /* Resources */ = {
			isa = PBXResourcesBuildPhase;
			buildActionMask = 2147483647;
			files = (
				AFBD523119ACE5BE001E6290 /* MWDetailViewController.xib in Resources */,
				AFF99F2A19A9F7940065EAA0 /* InfoPlist.strings in Resources */,
				AFF99F3219A9F7940065EAA0 /* Images.xcassets in Resources */,
			);
			runOnlyForDeploymentPostprocessing = 0;
		};
		AFF99F3519A9F7940065EAA0 /* Resources */ = {
			isa = PBXResourcesBuildPhase;
			buildActionMask = 2147483647;
			files = (
				AFF99F4319A9F7940065EAA0 /* InfoPlist.strings in Resources */,
			);
			runOnlyForDeploymentPostprocessing = 0;
		};
/* End PBXResourcesBuildPhase section */

/* Begin PBXSourcesBuildPhase section */
		AFF99F1819A9F7930065EAA0 /* Sources */ = {
			isa = PBXSourcesBuildPhase;
			buildActionMask = 2147483647;
			files = (
				AFF99F5019A9F9450065EAA0 /* MWItemsViewController.m in Sources */,
				AFBD523019ACE5BE001E6290 /* MWDetailViewController.m in Sources */,
				AFF99F3019A9F7940065EAA0 /* MWAppDelegate.m in Sources */,
				AFF99F5319A9FB2F0065EAA0 /* MWItem.m in Sources */,
				AFF99F2C19A9F7940065EAA0 /* main.m in Sources */,
				AFF99F5619A9FCA60065EAA0 /* MWItemStore.m in Sources */,
			);
			runOnlyForDeploymentPostprocessing = 0;
		};
		AFF99F3319A9F7940065EAA0 /* Sources */ = {
			isa = PBXSourcesBuildPhase;
			buildActionMask = 2147483647;
			files = (
				AFF99F4519A9F7940065EAA0 /* HomeownerTests.m in Sources */,
			);
			runOnlyForDeploymentPostprocessing = 0;
		};
/* End PBXSourcesBuildPhase section */

/* Begin PBXTargetDependency section */
		AFF99F3D19A9F7940065EAA0 /* PBXTargetDependency */ = {
			isa = PBXTargetDependency;
			target = AFF99F1B19A9F7930065EAA0 /* Homeowner */;
			targetProxy = AFF99F3C19A9F7940065EAA0 /* PBXContainerItemProxy */;
		};
/* End PBXTargetDependency section */

/* Begin PBXVariantGroup section */
		AFF99F2819A9F7940065EAA0 /* InfoPlist.strings */ = {
			isa = PBXVariantGroup;
			children = (
				AFF99F2919A9F7940065EAA0 /* en */,
			);
			name = InfoPlist.strings;
			sourceTree = "<group>";
		};
		AFF99F4119A9F7940065EAA0 /* InfoPlist.strings */ = {
			isa = PBXVariantGroup;
			children = (
				AFF99F4219A9F7940065EAA0 /* en */,
			);
			name = InfoPlist.strings;
			sourceTree = "<group>";
		};
/* End PBXVariantGroup section */

/* Begin XCBuildConfiguration section */
		AFF99F4619A9F7940065EAA0 /* Debug */ = {
			isa = XCBuildConfiguration;
			buildSettings = {
				ALWAYS_SEARCH_USER_PATHS = NO;
				CLANG_CXX_LANGUAGE_STANDARD = "gnu++0x";
				CLANG_CXX_LIBRARY = "libc++";
				CLANG_ENABLE_MODULES = YES;
				CLANG_ENABLE_OBJC_ARC = YES;
				CLANG_WARN_BOOL_CONVERSION = YES;
				CLANG_WARN_CONSTANT_CONVERSION = YES;
				CLANG_WARN_DIRECT_OBJC_ISA_USAGE = YES_ERROR;
				CLANG_WARN_EMPTY_BODY = YES;
				CLANG_WARN_ENUM_CONVERSION = YES;
				CLANG_WARN_INT_CONVERSION = YES;
				CLANG_WARN_OBJC_ROOT_CLASS = YES_ERROR;
				CLANG_WARN__DUPLICATE_METHOD_MATCH = YES;
				"CODE_SIGN_IDENTITY[sdk=iphoneos*]" = "iPhone Developer";
				COPY_PHASE_STRIP = NO;
				GCC_C_LANGUAGE_STANDARD = gnu99;
				GCC_DYNAMIC_NO_PIC = NO;
				GCC_OPTIMIZATION_LEVEL = 0;
				GCC_PREPROCESSOR_DEFINITIONS = (
					"DEBUG=1",
					"$(inherited)",
				);
				GCC_SYMBOLS_PRIVATE_EXTERN = NO;
				GCC_WARN_64_TO_32_BIT_CONVERSION = YES;
				GCC_WARN_ABOUT_RETURN_TYPE = YES_ERROR;
				GCC_WARN_UNDECLARED_SELECTOR = YES;
				GCC_WARN_UNINITIALIZED_AUTOS = YES_AGGRESSIVE;
				GCC_WARN_UNUSED_FUNCTION = YES;
				GCC_WARN_UNUSED_VARIABLE = YES;
				IPHONEOS_DEPLOYMENT_TARGET = 7.1;
				ONLY_ACTIVE_ARCH = YES;
				SDKROOT = iphoneos;
				TARGETED_DEVICE_FAMILY = 2;
			};
			name = Debug;
		};
		AFF99F4719A9F7940065EAA0 /* Release */ = {
			isa = XCBuildConfiguration;
			buildSettings = {
				ALWAYS_SEARCH_USER_PATHS = NO;
				CLANG_CXX_LANGUAGE_STANDARD = "gnu++0x";
				CLANG_CXX_LIBRARY = "libc++";
				CLANG_ENABLE_MODULES = YES;
				CLANG_ENABLE_OBJC_ARC = YES;
				CLANG_WARN_BOOL_CONVERSION = YES;
				CLANG_WARN_CONSTANT_CONVERSION = YES;
				CLANG_WARN_DIRECT_OBJC_ISA_USAGE = YES_ERROR;
				CLANG_WARN_EMPTY_BODY = YES;
				CLANG_WARN_ENUM_CONVERSION = YES;
				CLANG_WARN_INT_CONVERSION = YES;
				CLANG_WARN_OBJC_ROOT_CLASS = YES_ERROR;
				CLANG_WARN__DUPLICATE_METHOD_MATCH = YES;
				"CODE_SIGN_IDENTITY[sdk=iphoneos*]" = "iPhone Developer";
				COPY_PHASE_STRIP = YES;
				ENABLE_NS_ASSERTIONS = NO;
				GCC_C_LANGUAGE_STANDARD = gnu99;
				GCC_WARN_64_TO_32_BIT_CONVERSION = YES;
				GCC_WARN_ABOUT_RETURN_TYPE = YES_ERROR;
				GCC_WARN_UNDECLARED_SELECTOR = YES;
				GCC_WARN_UNINITIALIZED_AUTOS = YES_AGGRESSIVE;
				GCC_WARN_UNUSED_FUNCTION = YES;
				GCC_WARN_UNUSED_VARIABLE = YES;
				IPHONEOS_DEPLOYMENT_TARGET = 7.1;
				SDKROOT = iphoneos;
				TARGETED_DEVICE_FAMILY = 2;
				VALIDATE_PRODUCT = YES;
			};
			name = Release;
		};
		AFF99F4919A9F7940065EAA0 /* Debug */ = {
			isa = XCBuildConfiguration;
			buildSettings = {
				ASSETCATALOG_COMPILER_APPICON_NAME = AppIcon;
				ASSETCATALOG_COMPILER_LAUNCHIMAGE_NAME = LaunchImage;
				GCC_PRECOMPILE_PREFIX_HEADER = YES;
				GCC_PREFIX_HEADER = "Homeowner/Homeowner-Prefix.pch";
				INFOPLIST_FILE = "Homeowner/Homeowner-Info.plist";
				PRODUCT_NAME = "$(TARGET_NAME)";
				WRAPPER_EXTENSION = app;
			};
			name = Debug;
		};
		AFF99F4A19A9F7940065EAA0 /* Release */ = {
			isa = XCBuildConfiguration;
			buildSettings = {
				ASSETCATALOG_COMPILER_APPICON_NAME = AppIcon;
				ASSETCATALOG_COMPILER_LAUNCHIMAGE_NAME = LaunchImage;
				GCC_PRECOMPILE_PREFIX_HEADER = YES;
				GCC_PREFIX_HEADER = "Homeowner/Homeowner-Prefix.pch";
				INFOPLIST_FILE = "Homeowner/Homeowner-Info.plist";
				PRODUCT_NAME = "$(TARGET_NAME)";
				WRAPPER_EXTENSION = app;
			};
			name = Release;
		};
		AFF99F4C19A9F7940065EAA0 /* Debug */ = {
			isa = XCBuildConfiguration;
			buildSettings = {
				BUNDLE_LOADER = "$(BUILT_PRODUCTS_DIR)/Homeowner.app/Homeowner";
				FRAMEWORK_SEARCH_PATHS = (
					"$(SDKROOT)/Developer/Library/Frameworks",
					"$(inherited)",
					"$(DEVELOPER_FRAMEWORKS_DIR)",
				);
				GCC_PRECOMPILE_PREFIX_HEADER = YES;
				GCC_PREFIX_HEADER = "Homeowner/Homeowner-Prefix.pch";
				GCC_PREPROCESSOR_DEFINITIONS = (
					"DEBUG=1",
					"$(inherited)",
				);
				INFOPLIST_FILE = "HomeownerTests/HomeownerTests-Info.plist";
				PRODUCT_NAME = "$(TARGET_NAME)";
				TEST_HOST = "$(BUNDLE_LOADER)";
				WRAPPER_EXTENSION = xctest;
			};
			name = Debug;
		};
		AFF99F4D19A9F7940065EAA0 /* Release */ = {
			isa = XCBuildConfiguration;
			buildSettings = {
				BUNDLE_LOADER = "$(BUILT_PRODUCTS_DIR)/Homeowner.app/Homeowner";
				FRAMEWORK_SEARCH_PATHS = (
					"$(SDKROOT)/Developer/Library/Frameworks",
					"$(inherited)",
					"$(DEVELOPER_FRAMEWORKS_DIR)",
				);
				GCC_PRECOMPILE_PREFIX_HEADER = YES;
				GCC_PREFIX_HEADER = "Homeowner/Homeowner-Prefix.pch";
				INFOPLIST_FILE = "HomeownerTests/HomeownerTests-Info.plist";
				PRODUCT_NAME = "$(TARGET_NAME)";
				TEST_HOST = "$(BUNDLE_LOADER)";
				WRAPPER_EXTENSION = xctest;
			};
			name = Release;
		};
/* End XCBuildConfiguration section */

/* Begin XCConfigurationList section */
		AFF99F1719A9F7930065EAA0 /* Build configuration list for PBXProject "Homeowner" */ = {
			isa = XCConfigurationList;
			buildConfigurations = (
				AFF99F4619A9F7940065EAA0 /* Debug */,
				AFF99F4719A9F7940065EAA0 /* Release */,
			);
			defaultConfigurationIsVisible = 0;
			defaultConfigurationName = Release;
		};
		AFF99F4819A9F7940065EAA0 /* Build configuration list for PBXNativeTarget "Homeowner" */ = {
			isa = XCConfigurationList;
			buildConfigurations = (
				AFF99F4919A9F7940065EAA0 /* Debug */,
				AFF99F4A19A9F7940065EAA0 /* Release */,
			);
			defaultConfigurationIsVisible = 0;
			defaultConfigurationName = Release;
		};
		AFF99F4B19A9F7940065EAA0 /* Build configuration list for PBXNativeTarget "HomeownerTests" */ = {
			isa = XCConfigurationList;
			buildConfigurations = (
				AFF99F4C19A9F7940065EAA0 /* Debug */,
				AFF99F4D19A9F7940065EAA0 /* Release */,
			);
			defaultConfigurationIsVisible = 0;
			defaultConfigurationName = Release;
		};
/* End XCConfigurationList section */
	};
	rootObject = AFF99F1419A9F7930065EAA0 /* Project object */;
}
